
Microsoft Visual Studio Solution File, Format Version 12.00
# Visual Studio Version 17
VisualStudioVersion = 17.9.34622.214
MinimumVisualStudioVersion = 10.0.40219.1
Project("{FAE04EC0-301F-11D3-BF4B-00C04F79EFBC}") = "ATV2_CJ3021939", "ATV2_CJ3021939\ATV2_CJ3021939.csproj", "{8EBF3E46-9871-48FF-91E6-70D9652448F8}"
EndProject
Global
	GlobalSection(SolutionConfigurationPlatforms) = preSolution
		Debug|Any CPU = Debug|Any CPU
		Release|Any CPU = Release|Any CPU
	EndGlobalSection
	GlobalSection(ProjectConfigurationPlatforms) = postSolution
		{8EBF3E46-9871-48FF-91E6-70D9652448F8}.Debug|Any CPU.ActiveCfg = Debug|Any CPU
		{8EBF3E46-9871-48FF-91E6-70D9652448F8}.Debug|Any CPU.Build.0 = Debug|Any CPU
		{8EBF3E46-9871-48FF-91E6-70D9652448F8}.Release|Any CPU.ActiveCfg = Release|Any CPU
		{8EBF3E46-9871-48FF-91E6-70D9652448F8}.Release|Any CPU.Build.0 = Release|Any CPU
	EndGlobalSection
	GlobalSection(SolutionProperties) = preSolution
		HideSolutionNode = FALSE
	EndGlobalSection
	GlobalSection(ExtensibilityGlobals) = postSolution
		SolutionGuid = {91BEB867-8A0B-4DDB-B4D4-648CD5207000}
	EndGlobalSection
EndGlobal
